
Microsoft Visual Studio Solution File, Format Version 12.00
# Visual Studio 15
VisualStudioVersion = 15.0.28010.2048
MinimumVisualStudioVersion = 10.0.40219.1
Project("{FAE04EC0-301F-11D3-BF4B-00C04F79EFBC}") = "UDOSE.Android", "UDOSE\UDOSE.Android\UDOSE.Android.csproj", "{9676D8CD-3895-4CD5-9A18-772660B21F3E}"
EndProject
Project("{FAE04EC0-301F-11D3-BF4B-00C04F79EFBC}") = "UDOSE.iOS", "UDOSE\UDOSE.iOS\UDOSE.iOS.csproj", "{CFDB2FE0-F98E-4EC5-B976-05ABAF53C788}"
EndProject
Project("{FAE04EC0-301F-11D3-BF4B-00C04F79EFBC}") = "UDOSE", "UDOSE\UDOSE\UDOSE.csproj", "{E7A8CFFA-0C5B-4B04-B094-6104A16FEA53}"
EndProject
Global
	GlobalSection(SolutionConfigurationPlatforms) = preSolution
		Ad-Hoc|Any CPU = Ad-Hoc|Any CPU
		Ad-Hoc|iPhone = Ad-Hoc|iPhone
		Ad-Hoc|iPhoneSimulator = Ad-Hoc|iPhoneSimulator
		AppStore|Any CPU = AppStore|Any CPU
		AppStore|iPhone = AppStore|iPhone
		AppStore|iPhoneSimulator = AppStore|iPhoneSimulator
		Debug|Any CPU = Debug|Any CPU
		Debug|iPhone = Debug|iPhone
		Debug|iPhoneSimulator = Debug|iPhoneSimulator
		Release|Any CPU = Release|Any CPU
		Release|iPhone = Release|iPhone
		Release|iPhoneSimulator = Release|iPhoneSimulator
	EndGlobalSection
	GlobalSection(ProjectConfigurationPlatforms) = postSolution
		{9676D8CD-3895-4CD5-9A18-772660B21F3E}.Ad-Hoc|Any CPU.ActiveCfg = Release|Any CPU
		{9676D8CD-3895-4CD5-9A18-772660B21F3E}.Ad-Hoc|Any CPU.Build.0 = Release|Any CPU
		{9676D8CD-3895-4CD5-9A18-772660B21F3E}.Ad-Hoc|Any CPU.Deploy.0 = Release|Any CPU
		{9676D8CD-3895-4CD5-9A18-772660B21F3E}.Ad-Hoc|iPhone.ActiveCfg = Release|Any CPU
		{9676D8CD-3895-4CD5-9A18-772660B21F3E}.Ad-Hoc|iPhone.Build.0 = Release|Any CPU
		{9676D8CD-3895-4CD5-9A18-772660B21F3E}.Ad-Hoc|iPhone.Deploy.0 = Release|Any CPU
		{9676D8CD-3895-4CD5-9A18-772660B21F3E}.Ad-Hoc|iPhoneSimulator.ActiveCfg = Release|Any CPU
		{9676D8CD-3895-4CD5-9A18-772660B21F3E}.Ad-Hoc|iPhoneSimulator.Build.0 = Release|Any CPU
		{9676D8CD-3895-4CD5-9A18-772660B21F3E}.Ad-Hoc|iPhoneSimulator.Deploy.0 = Release|Any CPU
		{9676D8CD-3895-4CD5-9A18-772660B21F3E}.AppStore|Any CPU.ActiveCfg = Release|Any CPU
		{9676D8CD-3895-4CD5-9A18-772660B21F3E}.AppStore|Any CPU.Build.0 = Release|Any CPU
		{9676D8CD-3895-4CD5-9A18-772660B21F3E}.AppStore|Any CPU.Deploy.0 = Release|Any CPU
		{9676D8CD-3895-4CD5-9A18-772660B21F3E}.AppStore|iPhone.ActiveCfg = Release|Any CPU
		{9676D8CD-3895-4CD5-9A18-772660B21F3E}.AppStore|iPhone.Build.0 = Release|Any CPU
		{9676D8CD-3895-4CD5-9A18-772660B21F3E}.AppStore|iPhone.Deploy.0 = Release|Any CPU
		{9676D8CD-3895-4CD5-9A18-772660B21F3E}.AppStore|iPhoneSimulator.ActiveCfg = Release|Any CPU
		{9676D8CD-3895-4CD5-9A18-772660B21F3E}.AppStore|iPhoneSimulator.Build.0 = Release|Any CPU
		{9676D8CD-3895-4CD5-9A18-772660B21F3E}.AppStore|iPhoneSimulator.Deploy.0 = Release|Any CPU
		{9676D8CD-3895-4CD5-9A18-772660B21F3E}.Debug|Any CPU.ActiveCfg = Debug|Any CPU
		{9676D8CD-3895-4CD5-9A18-772660B21F3E}.Debug|Any CPU.Build.0 = Debug|Any CPU
		{9676D8CD-3895-4CD5-9A18-772660B21F3E}.Debug|Any CPU.Deploy.0 = Debug|Any CPU
		{9676D8CD-3895-4CD5-9A18-772660B21F3E}.Debug|iPhone.ActiveCfg = Debug|Any CPU
		{9676D8CD-3895-4CD5-9A18-772660B21F3E}.Debug|iPhone.Build.0 = Debug|Any CPU
		{9676D8CD-3895-4CD5-9A18-772660B21F3E}.Debug|iPhone.Deploy.0 = Debug|Any CPU
		{9676D8CD-3895-4CD5-9A18-772660B21F3E}.Debug|iPhoneSimulator.ActiveCfg = Debug|Any CPU
		{9676D8CD-3895-4CD5-9A18-772660B21F3E}.Debug|iPhoneSimulator.Build.0 = Debug|Any CPU
		{9676D8CD-3895-4CD5-9A18-772660B21F3E}.Debug|iPhoneSimulator.Deploy.0 = Debug|Any CPU
		{9676D8CD-3895-4CD5-9A18-772660B21F3E}.Release|Any CPU.ActiveCfg = Release|Any CPU
		{9676D8CD-3895-4CD5-9A18-772660B21F3E}.Release|Any CPU.Build.0 = Release|Any CPU
		{9676D8CD-3895-4CD5-9A18-772660B21F3E}.Release|Any CPU.Deploy.0 = Release|Any CPU
		{9676D8CD-3895-4CD5-9A18-772660B21F3E}.Release|iPhone.ActiveCfg = Release|Any CPU
		{9676D8CD-3895-4CD5-9A18-772660B21F3E}.Release|iPhone.Build.0 = Release|Any CPU
		{9676D8CD-3895-4CD5-9A18-772660B21F3E}.Release|iPhone.Deploy.0 = Release|Any CPU
		{9676D8CD-3895-4CD5-9A18-772660B21F3E}.Release|iPhoneSimulator.ActiveCfg = Release|Any CPU
		{9676D8CD-3895-4CD5-9A18-772660B21F3E}.Release|iPhoneSimulator.Build.0 = Release|Any CPU
		{9676D8CD-3895-4CD5-9A18-772660B21F3E}.Release|iPhoneSimulator.Deploy.0 = Release|Any CPU
		{CFDB2FE0-F98E-4EC5-B976-05ABAF53C788}.Ad-Hoc|Any CPU.ActiveCfg = Ad-Hoc|iPhone
		{CFDB2FE0-F98E-4EC5-B976-05ABAF53C788}.Ad-Hoc|Any CPU.Build.0 = Ad-Hoc|iPhone
		{CFDB2FE0-F98E-4EC5-B976-05ABAF53C788}.Ad-Hoc|Any CPU.Deploy.0 = Ad-Hoc|iPhone
		{CFDB2FE0-F98E-4EC5-B976-05ABAF53C788}.Ad-Hoc|iPhone.ActiveCfg = Ad-Hoc|iPhone
		{CFDB2FE0-F98E-4EC5-B976-05ABAF53C788}.Ad-Hoc|iPhone.Build.0 = Ad-Hoc|iPhone
		{CFDB2FE0-F98E-4EC5-B976-05ABAF53C788}.Ad-Hoc|iPhone.Deploy.0 = Ad-Hoc|iPhone
		{CFDB2FE0-F98E-4EC5-B976-05ABAF53C788}.Ad-Hoc|iPhoneSimulator.ActiveCfg = Ad-Hoc|iPhoneSimulator
		{CFDB2FE0-F98E-4EC5-B976-05ABAF53C788}.Ad-Hoc|iPhoneSimulator.Build.0 = Ad-Hoc|iPhoneSimulator
		{CFDB2FE0-F98E-4EC5-B976-05ABAF53C788}.Ad-Hoc|iPhoneSimulator.Deploy.0 = Ad-Hoc|iPhoneSimulator
		{CFDB2FE0-F98E-4EC5-B976-05ABAF53C788}.AppStore|Any CPU.ActiveCfg = AppStore|iPhone
		{CFDB2FE0-F98E-4EC5-B976-05ABAF53C788}.AppStore|Any CPU.Build.0 = AppStore|iPhone
		{CFDB2FE0-F98E-4EC5-B976-05ABAF53C788}.AppStore|Any CPU.Deploy.0 = AppStore|iPhone
		{CFDB2FE0-F98E-4EC5-B976-05ABAF53C788}.AppStore|iPhone.ActiveCfg = AppStore|iPhone
		{CFDB2FE0-F98E-4EC5-B976-05ABAF53C788}.AppStore|iPhone.Build.0 = AppStore|iPhone
		{CFDB2FE0-F98E-4EC5-B976-05ABAF53C788}.AppStore|iPhone.Deploy.0 = AppStore|iPhone
		{CFDB2FE0-F98E-4EC5-B976-05ABAF53C788}.AppStore|iPhoneSimulator.ActiveCfg = AppStore|iPhoneSimulator
		{CFDB2FE0-F98E-4EC5-B976-05ABAF53C788}.AppStore|iPhoneSimulator.Build.0 = AppStore|iPhoneSimulator
		{CFDB2FE0-F98E-4EC5-B976-05ABAF53C788}.AppStore|iPhoneSimulator.Deploy.0 = AppStore|iPhoneSimulator
		{CFDB2FE0-F98E-4EC5-B976-05ABAF53C788}.Debug|Any CPU.ActiveCfg = Debug|iPhoneSimulator
		{CFDB2FE0-F98E-4EC5-B976-05ABAF53C788}.Debug|Any CPU.Build.0 = Debug|iPhoneSimulator
		{CFDB2FE0-F98E-4EC5-B976-05ABAF53C788}.Debug|Any CPU.Deploy.0 = Debug|iPhoneSimulator
		{CFDB2FE0-F98E-4EC5-B976-05ABAF53C788}.Debug|iPhone.ActiveCfg = Debug|iPhone
		{CFDB2FE0-F98E-4EC5-B976-05ABAF53C788}.Debug|iPhone.Build.0 = Debug|iPhone
		{CFDB2FE0-F98E-4EC5-B976-05ABAF53C788}.Debug|iPhone.Deploy.0 = Debug|iPhone
		{CFDB2FE0-F98E-4EC5-B976-05ABAF53C788}.Debug|iPhoneSimulator.ActiveCfg = Debug|iPhoneSimulator
		{CFDB2FE0-F98E-4EC5-B976-05ABAF53C788}.Debug|iPhoneSimulator.Build.0 = Debug|iPhoneSimulator
		{CFDB2FE0-F98E-4EC5-B976-05ABAF53C788}.Debug|iPhoneSimulator.Deploy.0 = Debug|iPhoneSimulator
		{CFDB2FE0-F98E-4EC5-B976-05ABAF53C788}.Release|Any CPU.ActiveCfg = Release|iPhone
		{CFDB2FE0-F98E-4EC5-B976-05ABAF53C788}.Release|Any CPU.Build.0 = Release|iPhone
		{CFDB2FE0-F98E-4EC5-B976-05ABAF53C788}.Release|Any CPU.Deploy.0 = Release|iPhone
		{CFDB2FE0-F98E-4EC5-B976-05ABAF53C788}.Release|iPhone.ActiveCfg = Release|iPhone
		{CFDB2FE0-F98E-4EC5-B976-05ABAF53C788}.Release|iPhone.Build.0 = Release|iPhone
		{CFDB2FE0-F98E-4EC5-B976-05ABAF53C788}.Release|iPhone.Deploy.0 = Release|iPhone
		{CFDB2FE0-F98E-4EC5-B976-05ABAF53C788}.Release|iPhoneSimulator.ActiveCfg = Release|iPhoneSimulator
		{CFDB2FE0-F98E-4EC5-B976-05ABAF53C788}.Release|iPhoneSimulator.Build.0 = Release|iPhoneSimulator
		{CFDB2FE0-F98E-4EC5-B976-05ABAF53C788}.Release|iPhoneSimulator.Deploy.0 = Release|iPhoneSimulator
		{E7A8CFFA-0C5B-4B04-B094-6104A16FEA53}.Ad-Hoc|Any CPU.ActiveCfg = Debug|Any CPU
		{E7A8CFFA-0C5B-4B04-B094-6104A16FEA53}.Ad-Hoc|Any CPU.Build.0 = Debug|Any CPU
		{E7A8CFFA-0C5B-4B04-B094-6104A16FEA53}.Ad-Hoc|Any CPU.Deploy.0 = Debug|Any CPU
		{E7A8CFFA-0C5B-4B04-B094-6104A16FEA53}.Ad-Hoc|iPhone.ActiveCfg = Debug|Any CPU
		{E7A8CFFA-0C5B-4B04-B094-6104A16FEA53}.Ad-Hoc|iPhone.Build.0 = Debug|Any CPU
		{E7A8CFFA-0C5B-4B04-B094-6104A16FEA53}.Ad-Hoc|iPhone.Deploy.0 = Debug|Any CPU
		{E7A8CFFA-0C5B-4B04-B094-6104A16FEA53}.Ad-Hoc|iPhoneSimulator.ActiveCfg = Debug|Any CPU
		{E7A8CFFA-0C5B-4B04-B094-6104A16FEA53}.Ad-Hoc|iPhoneSimulator.Build.0 = Debug|Any CPU
		{E7A8CFFA-0C5B-4B04-B094-6104A16FEA53}.Ad-Hoc|iPhoneSimulator.Deploy.0 = Debug|Any CPU
		{E7A8CFFA-0C5B-4B04-B094-6104A16FEA53}.AppStore|Any CPU.ActiveCfg = Debug|Any CPU
		{E7A8CFFA-0C5B-4B04-B094-6104A16FEA53}.AppStore|Any CPU.Build.0 = Debug|Any CPU
		{E7A8CFFA-0C5B-4B04-B094-6104A16FEA53}.AppStore|Any CPU.Deploy.0 = Debug|Any CPU
		{E7A8CFFA-0C5B-4B04-B094-6104A16FEA53}.AppStore|iPhone.ActiveCfg = Debug|Any CPU
		{E7A8CFFA-0C5B-4B04-B094-6104A16FEA53}.AppStore|iPhone.Build.0 = Debug|Any CPU
		{E7A8CFFA-0C5B-4B04-B094-6104A16FEA53}.AppStore|iPhone.Deploy.0 = Debug|Any CPU
		{E7A8CFFA-0C5B-4B04-B094-6104A16FEA53}.AppStore|iPhoneSimulator.ActiveCfg = Debug|Any CPU
		{E7A8CFFA-0C5B-4B04-B094-6104A16FEA53}.AppStore|iPhoneSimulator.Build.0 = Debug|Any CPU
		{E7A8CFFA-0C5B-4B04-B094-6104A16FEA53}.AppStore|iPhoneSimulator.Deploy.0 = Debug|Any CPU
		{E7A8CFFA-0C5B-4B04-B094-6104A16FEA53}.Debug|Any CPU.ActiveCfg = Debug|Any CPU
		{E7A8CFFA-0C5B-4B04-B094-6104A16FEA53}.Debug|Any CPU.Build.0 = Debug|Any CPU
		{E7A8CFFA-0C5B-4B04-B094-6104A16FEA53}.Debug|Any CPU.Deploy.0 = Debug|Any CPU
		{E7A8CFFA-0C5B-4B04-B094-6104A16FEA53}.Debug|iPhone.ActiveCfg = Debug|Any CPU
		{E7A8CFFA-0C5B-4B04-B094-6104A16FEA53}.Debug|iPhone.Build.0 = Debug|Any CPU
		{E7A8CFFA-0C5B-4B04-B094-6104A16FEA53}.Debug|iPhone.Deploy.0 = Debug|Any CPU
		{E7A8CFFA-0C5B-4B04-B094-6104A16FEA53}.Debug|iPhoneSimulator.ActiveCfg = Debug|Any CPU
		{E7A8CFFA-0C5B-4B04-B094-6104A16FEA53}.Debug|iPhoneSimulator.Build.0 = Debug|Any CPU
		{E7A8CFFA-0C5B-4B04-B094-6104A16FEA53}.Debug|iPhoneSimulator.Deploy.0 = Debug|Any CPU
		{E7A8CFFA-0C5B-4B04-B094-6104A16FEA53}.Release|Any CPU.ActiveCfg = Release|Any CPU
		{E7A8CFFA-0C5B-4B04-B094-6104A16FEA53}.Release|Any CPU.Build.0 = Release|Any CPU
		{E7A8CFFA-0C5B-4B04-B094-6104A16FEA53}.Release|Any CPU.Deploy.0 = Release|Any CPU
		{E7A8CFFA-0C5B-4B04-B094-6104A16FEA53}.Release|iPhone.ActiveCfg = Release|Any CPU
		{E7A8CFFA-0C5B-4B04-B094-6104A16FEA53}.Release|iPhone.Build.0 = Release|Any CPU
		{E7A8CFFA-0C5B-4B04-B094-6104A16FEA53}.Release|iPhone.Deploy.0 = Release|Any CPU
		{E7A8CFFA-0C5B-4B04-B094-6104A16FEA53}.Release|iPhoneSimulator.ActiveCfg = Release|Any CPU
		{E7A8CFFA-0C5B-4B04-B094-6104A16FEA53}.Release|iPhoneSimulator.Build.0 = Release|Any CPU
		{E7A8CFFA-0C5B-4B04-B094-6104A16FEA53}.Release|iPhoneSimulator.Deploy.0 = Release|Any CPU
	EndGlobalSection
	GlobalSection(SolutionProperties) = preSolution
		HideSolutionNode = FALSE
	EndGlobalSection
	GlobalSection(ExtensibilityGlobals) = postSolution
		SolutionGuid = {EF40AF3E-3435-4578-9EB5-6706FB6AAEA3}
	EndGlobalSection
EndGlobal
